
Microsoft Visual Studio Solution File, Format Version 12.00
# Visual Studio Version 16
VisualStudioVersion = 16.0.31205.134
MinimumVisualStudioVersion = 10.0.40219.1
Project("{FAE04EC0-301F-11D3-BF4B-00C04F79EFBC}") = "WindowsFormsApp2", "WindowsFormsApp2.csproj", "{6BF37A0E-09E7-4826-8071-339647B10715}"
EndProject
Global
	GlobalSection(SolutionConfigurationPlatforms) = preSolution
		Debug|Any CPU = Debug|Any CPU
		Release|Any CPU = Release|Any CPU
	EndGlobalSection
	GlobalSection(ProjectConfigurationPlatforms) = postSolution
		{6BF37A0E-09E7-4826-8071-339647B10715}.Debug|Any CPU.ActiveCfg = Debug|Any CPU
		{6BF37A0E-09E7-4826-8071-339647B10715}.Debug|Any CPU.Build.0 = Debug|Any CPU
		{6BF37A0E-09E7-4826-8071-339647B10715}.Release|Any CPU.ActiveCfg = Release|Any CPU
		{6BF37A0E-09E7-4826-8071-339647B10715}.Release|Any CPU.Build.0 = Release|Any CPU
	EndGlobalSection
	GlobalSection(SolutionProperties) = preSolution
		HideSolutionNode = FALSE
	EndGlobalSection
	GlobalSection(ExtensibilityGlobals) = postSolution
		SolutionGuid = {12F479AD-B04E-412B-BC09-356E06564654}
	EndGlobalSection
EndGlobal
